
Microsoft Visual Studio Solution File, Format Version 12.00
# Visual Studio Version 17
VisualStudioVersion = 17.11.35222.181
MinimumVisualStudioVersion = 10.0.40219.1
Project("{FAE04EC0-301F-11D3-BF4B-00C04F79EFBC}") = "Issuedemo", "Issuedemo\Issuedemo.csproj", "{D8F70C45-AAA6-4054-9A09-918C8039C415}"
EndProject
Global
	GlobalSection(SolutionConfigurationPlatforms) = preSolution
		Debug|Any CPU = Debug|Any CPU
		Release|Any CPU = Release|Any CPU
	EndGlobalSection
	GlobalSection(ProjectConfigurationPlatforms) = postSolution
		{D8F70C45-AAA6-4054-9A09-918C8039C415}.Debug|Any CPU.ActiveCfg = Debug|Any CPU
		{D8F70C45-AAA6-4054-9A09-918C8039C415}.Debug|Any CPU.Build.0 = Debug|Any CPU
		{D8F70C45-AAA6-4054-9A09-918C8039C415}.Release|Any CPU.ActiveCfg = Release|Any CPU
		{D8F70C45-AAA6-4054-9A09-918C8039C415}.Release|Any CPU.Build.0 = Release|Any CPU
	EndGlobalSection
	GlobalSection(SolutionProperties) = preSolution
		HideSolutionNode = FALSE
	EndGlobalSection
	GlobalSection(ExtensibilityGlobals) = postSolution
		SolutionGuid = {6BC215B3-2E44-4AC0-A28E-7446C8719072}
	EndGlobalSection
EndGlobal
